// !$*UTF8*$!
{
	archiveVersion = 1;
	classes = {
	};
	objectVersion = 55;
	objects = {

/* Begin PBXBuildFile section */
		90922F0426FA08B400B3ED86 /* FRCRelApp.swift in Sources */ = {isa = PBXBuildFile; fileRef = 90922F0326FA08B400B3ED86 /* FRCRelApp.swift */; };
		90922F0626FA08B400B3ED86 /* ContentView.swift in Sources */ = {isa = PBXBuildFile; fileRef = 90922F0526FA08B400B3ED86 /* ContentView.swift */; };
		90922F0826FA08B500B3ED86 /* Assets.xcassets in Resources */ = {isa = PBXBuildFile; fileRef = 90922F0726FA08B500B3ED86 /* Assets.xcassets */; };
		90922F0B26FA08B500B3ED86 /* Preview Assets.xcassets in Resources */ = {isa = PBXBuildFile; fileRef = 90922F0A26FA08B500B3ED86 /* Preview Assets.xcassets */; };
		90922F0D26FA08B500B3ED86 /* Persistence.swift in Sources */ = {isa = PBXBuildFile; fileRef = 90922F0C26FA08B500B3ED86 /* Persistence.swift */; };
		90922F1026FA08B500B3ED86 /* FRCRel.xcdatamodeld in Sources */ = {isa = PBXBuildFile; fileRef = 90922F0E26FA08B500B3ED86 /* FRCRel.xcdatamodeld */; };
		90922F1E26FA093200B3ED86 /* Track+CoreDataClass.swift in Sources */ = {isa = PBXBuildFile; fileRef = 90922F1826FA093200B3ED86 /* Track+CoreDataClass.swift */; };
		90922F1F26FA093200B3ED86 /* Track+CoreDataProperties.swift in Sources */ = {isa = PBXBuildFile; fileRef = 90922F1926FA093200B3ED86 /* Track+CoreDataProperties.swift */; };
		90922F2026FA093200B3ED86 /* Composition+CoreDataClass.swift in Sources */ = {isa = PBXBuildFile; fileRef = 90922F1A26FA093200B3ED86 /* Composition+CoreDataClass.swift */; };
		90922F2126FA093200B3ED86 /* Composition+CoreDataProperties.swift in Sources */ = {isa = PBXBuildFile; fileRef = 90922F1B26FA093200B3ED86 /* Composition+CoreDataProperties.swift */; };
		90922F2226FA093200B3ED86 /* Clip+CoreDataClass.swift in Sources */ = {isa = PBXBuildFile; fileRef = 90922F1C26FA093200B3ED86 /* Clip+CoreDataClass.swift */; };
		90922F2326FA093200B3ED86 /* Clip+CoreDataProperties.swift in Sources */ = {isa = PBXBuildFile; fileRef = 90922F1D26FA093200B3ED86 /* Clip+CoreDataProperties.swift */; };
		90922F2626FA0A4400B3ED86 /* Context+Utils.swift in Sources */ = {isa = PBXBuildFile; fileRef = 90922F2526FA0A4400B3ED86 /* Context+Utils.swift */; };
/* End PBXBuildFile section */

/* Begin PBXFileReference section */
		90922F0026FA08B400B3ED86 /* FRCRel.app */ = {isa = PBXFileReference; explicitFileType = wrapper.application; includeInIndex = 0; path = FRCRel.app; sourceTree = BUILT_PRODUCTS_DIR; };
		90922F0326FA08B400B3ED86 /* FRCRelApp.swift */ = {isa = PBXFileReference; lastKnownFileType = sourcecode.swift; path = FRCRelApp.swift; sourceTree = "<group>"; };
		90922F0526FA08B400B3ED86 /* ContentView.swift */ = {isa = PBXFileReference; lastKnownFileType = sourcecode.swift; path = ContentView.swift; sourceTree = "<group>"; };
		90922F0726FA08B500B3ED86 /* Assets.xcassets */ = {isa = PBXFileReference; lastKnownFileType = folder.assetcatalog; path = Assets.xcassets; sourceTree = "<group>"; };
		90922F0A26FA08B500B3ED86 /* Preview Assets.xcassets */ = {isa = PBXFileReference; lastKnownFileType = folder.assetcatalog; path = "Preview Assets.xcassets"; sourceTree = "<group>"; };
		90922F0C26FA08B500B3ED86 /* Persistence.swift */ = {isa = PBXFileReference; lastKnownFileType = sourcecode.swift; path = Persistence.swift; sourceTree = "<group>"; };
		90922F0F26FA08B500B3ED86 /* FRCRel.xcdatamodel */ = {isa = PBXFileReference; lastKnownFileType = wrapper.xcdatamodel; path = FRCRel.xcdatamodel; sourceTree = "<group>"; };
		90922F1826FA093200B3ED86 /* Track+CoreDataClass.swift */ = {isa = PBXFileReference; lastKnownFileType = sourcecode.swift; path = "Track+CoreDataClass.swift"; sourceTree = "<group>"; };
		90922F1926FA093200B3ED86 /* Track+CoreDataProperties.swift */ = {isa = PBXFileReference; lastKnownFileType = sourcecode.swift; path = "Track+CoreDataProperties.swift"; sourceTree = "<group>"; };
		90922F1A26FA093200B3ED86 /* Composition+CoreDataClass.swift */ = {isa = PBXFileReference; lastKnownFileType = sourcecode.swift; path = "Composition+CoreDataClass.swift"; sourceTree = "<group>"; };
		90922F1B26FA093200B3ED86 /* Composition+CoreDataProperties.swift */ = {isa = PBXFileReference; lastKnownFileType = sourcecode.swift; path = "Composition+CoreDataProperties.swift"; sourceTree = "<group>"; };
		90922F1C26FA093200B3ED86 /* Clip+CoreDataClass.swift */ = {isa = PBXFileReference; lastKnownFileType = sourcecode.swift; path = "Clip+CoreDataClass.swift"; sourceTree = "<group>"; };
		90922F1D26FA093200B3ED86 /* Clip+CoreDataProperties.swift */ = {isa = PBXFileReference; lastKnownFileType = sourcecode.swift; path = "Clip+CoreDataProperties.swift"; sourceTree = "<group>"; };
		90922F2526FA0A4400B3ED86 /* Context+Utils.swift */ = {isa = PBXFileReference; lastKnownFileType = sourcecode.swift; path = "Context+Utils.swift"; sourceTree = "<group>"; };
/* End PBXFileReference section */

/* Begin PBXFrameworksBuildPhase section */
		90922EFD26FA08B400B3ED86 /* Frameworks */ = {
			isa = PBXFrameworksBuildPhase;
			buildActionMask = 2147483647;
			files = (
			);
			runOnlyForDeploymentPostprocessing = 0;
		};
/* End PBXFrameworksBuildPhase section */

/* Begin PBXGroup section */
		90922EF726FA08B400B3ED86 = {
			isa = PBXGroup;
			children = (
				90922F0226FA08B400B3ED86 /* FRCRel */,
				90922F0126FA08B400B3ED86 /* Products */,
			);
			sourceTree = "<group>";
		};
		90922F0126FA08B400B3ED86 /* Products */ = {
			isa = PBXGroup;
			children = (
				90922F0026FA08B400B3ED86 /* FRCRel.app */,
			);
			name = Products;
			sourceTree = "<group>";
		};
		90922F0226FA08B400B3ED86 /* FRCRel */ = {
			isa = PBXGroup;
			children = (
				90922F2426FA093700B3ED86 /* Model */,
				90922F0326FA08B400B3ED86 /* FRCRelApp.swift */,
				90922F0526FA08B400B3ED86 /* ContentView.swift */,
				90922F0726FA08B500B3ED86 /* Assets.xcassets */,
				90922F0C26FA08B500B3ED86 /* Persistence.swift */,
				90922F2526FA0A4400B3ED86 /* Context+Utils.swift */,
				90922F0E26FA08B500B3ED86 /* FRCRel.xcdatamodeld */,
				90922F0926FA08B500B3ED86 /* Preview Content */,
			);
			path = FRCRel;
			sourceTree = "<group>";
		};
		90922F0926FA08B500B3ED86 /* Preview Content */ = {
			isa = PBXGroup;
			children = (
				90922F0A26FA08B500B3ED86 /* Preview Assets.xcassets */,
			);
			path = "Preview Content";
			sourceTree = "<group>";
		};
		90922F2426FA093700B3ED86 /* Model */ = {
			isa = PBXGroup;
			children = (
				90922F1826FA093200B3ED86 /* Track+CoreDataClass.swift */,
				90922F1926FA093200B3ED86 /* Track+CoreDataProperties.swift */,
				90922F1A26FA093200B3ED86 /* Composition+CoreDataClass.swift */,
				90922F1B26FA093200B3ED86 /* Composition+CoreDataProperties.swift */,
				90922F1C26FA093200B3ED86 /* Clip+CoreDataClass.swift */,
				90922F1D26FA093200B3ED86 /* Clip+CoreDataProperties.swift */,
			);
			path = Model;
			sourceTree = "<group>";
		};
/* End PBXGroup section */

/* Begin PBXNativeTarget section */
		90922EFF26FA08B400B3ED86 /* FRCRel */ = {
			isa = PBXNativeTarget;
			buildConfigurationList = 90922F1326FA08B500B3ED86 /* Build configuration list for PBXNativeTarget "FRCRel" */;
			buildPhases = (
				90922EFC26FA08B400B3ED86 /* Sources */,
				90922EFD26FA08B400B3ED86 /* Frameworks */,
				90922EFE26FA08B400B3ED86 /* Resources */,
			);
			buildRules = (
			);
			dependencies = (
			);
			name = FRCRel;
			productName = FRCRel;
			productReference = 90922F0026FA08B400B3ED86 /* FRCRel.app */;
			productType = "com.apple.product-type.application";
		};
/* End PBXNativeTarget section */

/* Begin PBXProject section */
		90922EF826FA08B400B3ED86 /* Project object */ = {
			isa = PBXProject;
			attributes = {
				BuildIndependentTargetsInParallel = 1;
				LastSwiftUpdateCheck = 1300;
				LastUpgradeCheck = 1300;
				TargetAttributes = {
					90922EFF26FA08B400B3ED86 = {
						CreatedOnToolsVersion = 13.0;
					};
				};
			};
			buildConfigurationList = 90922EFB26FA08B400B3ED86 /* Build configuration list for PBXProject "FRCRel" */;
			compatibilityVersion = "Xcode 13.0";
			developmentRegion = en;
			hasScannedForEncodings = 0;
			knownRegions = (
				en,
				Base,
			);
			mainGroup = 90922EF726FA08B400B3ED86;
			productRefGroup = 90922F0126FA08B400B3ED86 /* Products */;
			projectDirPath = "";
			projectRoot = "";
			targets = (
				90922EFF26FA08B400B3ED86 /* FRCRel */,
			);
		};
/* End PBXProject section */

/* Begin PBXResourcesBuildPhase section */
		90922EFE26FA08B400B3ED86 /* Resources */ = {
			isa = PBXResourcesBuildPhase;
			buildActionMask = 2147483647;
			files = (
				90922F0B26FA08B500B3ED86 /* Preview Assets.xcassets in Resources */,
				90922F0826FA08B500B3ED86 /* Assets.xcassets in Resources */,
			);
			runOnlyForDeploymentPostprocessing = 0;
		};
/* End PBXResourcesBuildPhase section */

/* Begin PBXSourcesBuildPhase section */
		90922EFC26FA08B400B3ED86 /* Sources */ = {
			isa = PBXSourcesBuildPhase;
			buildActionMask = 2147483647;
			files = (
				90922F2326FA093200B3ED86 /* Clip+CoreDataProperties.swift in Sources */,
				90922F0D26FA08B500B3ED86 /* Persistence.swift in Sources */,
				90922F1F26FA093200B3ED86 /* Track+CoreDataProperties.swift in Sources */,
				90922F2026FA093200B3ED86 /* Composition+CoreDataClass.swift in Sources */,
				90922F1026FA08B500B3ED86 /* FRCRel.xcdatamodeld in Sources */,
				90922F0626FA08B400B3ED86 /* ContentView.swift in Sources */,
				90922F2626FA0A4400B3ED86 /* Context+Utils.swift in Sources */,
				90922F0426FA08B400B3ED86 /* FRCRelApp.swift in Sources */,
				90922F2126FA093200B3ED86 /* Composition+CoreDataProperties.swift in Sources */,
				90922F1E26FA093200B3ED86 /* Track+CoreDataClass.swift in Sources */,
				90922F2226FA093200B3ED86 /* Clip+CoreDataClass.swift in Sources */,
			);
			runOnlyForDeploymentPostprocessing = 0;
		};
/* End PBXSourcesBuildPhase section */

/* Begin XCBuildConfiguration section */
		90922F1126FA08B500B3ED86 /* Debug */ = {
			isa = XCBuildConfiguration;
			buildSettings = {
				ALWAYS_SEARCH_USER_PATHS = NO;
				CLANG_ANALYZER_NONNULL = YES;
				CLANG_ANALYZER_NUMBER_OBJECT_CONVERSION = YES_AGGRESSIVE;
				CLANG_CXX_LANGUAGE_STANDARD = "gnu++17";
				CLANG_CXX_LIBRARY = "libc++";
				CLANG_ENABLE_MODULES = YES;
				CLANG_ENABLE_OBJC_ARC = YES;
				CLANG_ENABLE_OBJC_WEAK = YES;
				CLANG_WARN_BLOCK_CAPTURE_AUTORELEASING = YES;
				CLANG_WARN_BOOL_CONVERSION = YES;
				CLANG_WARN_COMMA = YES;
				CLANG_WARN_CONSTANT_CONVERSION = YES;
				CLANG_WARN_DEPRECATED_OBJC_IMPLEMENTATIONS = YES;
				CLANG_WARN_DIRECT_OBJC_ISA_USAGE = YES_ERROR;
				CLANG_WARN_DOCUMENTATION_COMMENTS = YES;
				CLANG_WARN_EMPTY_BODY = YES;
				CLANG_WARN_ENUM_CONVERSION = YES;
				CLANG_WARN_INFINITE_RECURSION = YES;
				CLANG_WARN_INT_CONVERSION = YES;
				CLANG_WARN_NON_LITERAL_NULL_CONVERSION = YES;
				CLANG_WARN_OBJC_IMPLICIT_RETAIN_SELF = YES;
				CLANG_WARN_OBJC_LITERAL_CONVERSION = YES;
				CLANG_WARN_OBJC_ROOT_CLASS = YES_ERROR;
				CLANG_WARN_QUOTED_INCLUDE_IN_FRAMEWORK_HEADER = YES;
				CLANG_WARN_RANGE_LOOP_ANALYSIS = YES;
				CLANG_WARN_STRICT_PROTOTYPES = YES;
				CLANG_WARN_SUSPICIOUS_MOVE = YES;
				CLANG_WARN_UNGUARDED_AVAILABILITY = YES_AGGRESSIVE;
				CLANG_WARN_UNREACHABLE_CODE = YES;
				CLANG_WARN__DUPLICATE_METHOD_MATCH = YES;
				COPY_PHASE_STRIP = NO;
				DEBUG_INFORMATION_FORMAT = dwarf;
				ENABLE_STRICT_OBJC_MSGSEND = YES;
				ENABLE_TESTABILITY = YES;
				GCC_C_LANGUAGE_STANDARD = gnu11;
				GCC_DYNAMIC_NO_PIC = NO;
				GCC_NO_COMMON_BLOCKS = YES;
				GCC_OPTIMIZATION_LEVEL = 0;
				GCC_PREPROCESSOR_DEFINITIONS = (
					"DEBUG=1",
					"$(inherited)",
				);
				GCC_WARN_64_TO_32_BIT_CONVERSION = YES;
				GCC_WARN_ABOUT_RETURN_TYPE = YES_ERROR;
				GCC_WARN_UNDECLARED_SELECTOR = YES;
				GCC_WARN_UNINITIALIZED_AUTOS = YES_AGGRESSIVE;
				GCC_WARN_UNUSED_FUNCTION = YES;
				GCC_WARN_UNUSED_VARIABLE = YES;
				MACOSX_DEPLOYMENT_TARGET = 12.0;
				MTL_ENABLE_DEBUG_INFO = INCLUDE_SOURCE;
				MTL_FAST_MATH = YES;
				ONLY_ACTIVE_ARCH = YES;
				SDKROOT = macosx;
				SWIFT_ACTIVE_COMPILATION_CONDITIONS = DEBUG;
				SWIFT_OPTIMIZATION_LEVEL = "-Onone";
			};
			name = Debug;
		};
		90922F1226FA08B500B3ED86 /* Release */ = {
			isa = XCBuildConfiguration;
			buildSettings = {
				ALWAYS_SEARCH_USER_PATHS = NO;
				CLANG_ANALYZER_NONNULL = YES;
				CLANG_ANALYZER_NUMBER_OBJECT_CONVERSION = YES_AGGRESSIVE;
				CLANG_CXX_LANGUAGE_STANDARD = "gnu++17";
				CLANG_CXX_LIBRARY = "libc++";
				CLANG_ENABLE_MODULES = YES;
				CLANG_ENABLE_OBJC_ARC = YES;
				CLANG_ENABLE_OBJC_WEAK = YES;
				CLANG_WARN_BLOCK_CAPTURE_AUTORELEASING = YES;
				CLANG_WARN_BOOL_CONVERSION = YES;
				CLANG_WARN_COMMA = YES;
				CLANG_WARN_CONSTANT_CONVERSION = YES;
				CLANG_WARN_DEPRECATED_OBJC_IMPLEMENTATIONS = YES;
				CLANG_WARN_DIRECT_OBJC_ISA_USAGE = YES_ERROR;
				CLANG_WARN_DOCUMENTATION_COMMENTS = YES;
				CLANG_WARN_EMPTY_BODY = YES;
				CLANG_WARN_ENUM_CONVERSION = YES;
				CLANG_WARN_INFINITE_RECURSION = YES;
				CLANG_WARN_INT_CONVERSION = YES;
				CLANG_WARN_NON_LITERAL_NULL_CONVERSION = YES;
				CLANG_WARN_OBJC_IMPLICIT_RETAIN_SELF = YES;
				CLANG_WARN_OBJC_LITERAL_CONVERSION = YES;
				CLANG_WARN_OBJC_ROOT_CLASS = YES_ERROR;
				CLANG_WARN_QUOTED_INCLUDE_IN_FRAMEWORK_HEADER = YES;
				CLANG_WARN_RANGE_LOOP_ANALYSIS = YES;
				CLANG_WARN_STRICT_PROTOTYPES = YES;
				CLANG_WARN_SUSPICIOUS_MOVE = YES;
				CLANG_WARN_UNGUARDED_AVAILABILITY = YES_AGGRESSIVE;
				CLANG_WARN_UNREACHABLE_CODE = YES;
				CLANG_WARN__DUPLICATE_METHOD_MATCH = YES;
				COPY_PHASE_STRIP = NO;
				DEBUG_INFORMATION_FORMAT = "dwarf-with-dsym";
				ENABLE_NS_ASSERTIONS = NO;
				ENABLE_STRICT_OBJC_MSGSEND = YES;
				GCC_C_LANGUAGE_STANDARD = gnu11;
				GCC_NO_COMMON_BLOCKS = YES;
				GCC_WARN_64_TO_32_BIT_CONVERSION = YES;
				GCC_WARN_ABOUT_RETURN_TYPE = YES_ERROR;
				GCC_WARN_UNDECLARED_SELECTOR = YES;
				GCC_WARN_UNINITIALIZED_AUTOS = YES_AGGRESSIVE;
				GCC_WARN_UNUSED_FUNCTION = YES;
				GCC_WARN_UNUSED_VARIABLE = YES;
				MACOSX_DEPLOYMENT_TARGET = 12.0;
				MTL_ENABLE_DEBUG_INFO = NO;
				MTL_FAST_MATH = YES;
				SDKROOT = macosx;
				SWIFT_COMPILATION_MODE = wholemodule;
				SWIFT_OPTIMIZATION_LEVEL = "-O";
			};
			name = Release;
		};
		90922F1426FA08B500B3ED86 /* Debug */ = {
			isa = XCBuildConfiguration;
			buildSettings = {
				ASSETCATALOG_COMPILER_APPICON_NAME = AppIcon;
				ASSETCATALOG_COMPILER_GLOBAL_ACCENT_COLOR_NAME = AccentColor;
				CODE_SIGN_STYLE = Automatic;
				COMBINE_HIDPI_IMAGES = YES;
				CURRENT_PROJECT_VERSION = 1;
				DEVELOPMENT_ASSET_PATHS = "\"FRCRel/Preview Content\"";
				DEVELOPMENT_TEAM = 6FNBN24NZY;
				ENABLE_APP_SANDBOX = YES;
				ENABLE_HARDENED_RUNTIME = YES;
				ENABLE_PREVIEWS = YES;
				ENABLE_USER_SELECTED_FILES = readonly;
				GENERATE_INFOPLIST_FILE = YES;
				INFOPLIST_KEY_NSHumanReadableCopyright = "";
				LD_RUNPATH_SEARCH_PATHS = (
					"$(inherited)",
					"@executable_path/../Frameworks",
				);
				MACOSX_DEPLOYMENT_TARGET = 11.0;
				MARKETING_VERSION = 1.0;
				PRODUCT_BUNDLE_IDENTIFIER = com.smialko.FRCRel;
				PRODUCT_NAME = "$(TARGET_NAME)";
				SWIFT_EMIT_LOC_STRINGS = YES;
				SWIFT_VERSION = 5.0;
			};
			name = Debug;
		};
		90922F1526FA08B500B3ED86 /* Release */ = {
			isa = XCBuildConfiguration;
			buildSettings = {
				ASSETCATALOG_COMPILER_APPICON_NAME = AppIcon;
				ASSETCATALOG_COMPILER_GLOBAL_ACCENT_COLOR_NAME = AccentColor;
				CODE_SIGN_STYLE = Automatic;
				COMBINE_HIDPI_IMAGES = YES;
				CURRENT_PROJECT_VERSION = 1;
				DEVELOPMENT_ASSET_PATHS = "\"FRCRel/Preview Content\"";
				DEVELOPMENT_TEAM = 6FNBN24NZY;
				ENABLE_APP_SANDBOX = YES;
				ENABLE_HARDENED_RUNTIME = YES;
				ENABLE_PREVIEWS = YES;
				ENABLE_USER_SELECTED_FILES = readonly;
				GENERATE_INFOPLIST_FILE = YES;
				INFOPLIST_KEY_NSHumanReadableCopyright = "";
				LD_RUNPATH_SEARCH_PATHS = (
					"$(inherited)",
					"@executable_path/../Frameworks",
				);
				MACOSX_DEPLOYMENT_TARGET = 11.0;
				MARKETING_VERSION = 1.0;
				PRODUCT_BUNDLE_IDENTIFIER = com.smialko.FRCRel;
				PRODUCT_NAME = "$(TARGET_NAME)";
				SWIFT_EMIT_LOC_STRINGS = YES;
				SWIFT_VERSION = 5.0;
			};
			name = Release;
		};
/* End XCBuildConfiguration section */

/* Begin XCConfigurationList section */
		90922EFB26FA08B400B3ED86 /* Build configuration list for PBXProject "FRCRel" */ = {
			isa = XCConfigurationList;
			buildConfigurations = (
				90922F1126FA08B500B3ED86 /* Debug */,
				90922F1226FA08B500B3ED86 /* Release */,
			);
			defaultConfigurationIsVisible = 0;
			defaultConfigurationName = Release;
		};
		90922F1326FA08B500B3ED86 /* Build configuration list for PBXNativeTarget "FRCRel" */ = {
			isa = XCConfigurationList;
			buildConfigurations = (
				90922F1426FA08B500B3ED86 /* Debug */,
				90922F1526FA08B500B3ED86 /* Release */,
			);
			defaultConfigurationIsVisible = 0;
			defaultConfigurationName = Release;
		};
/* End XCConfigurationList section */

/* Begin XCVersionGroup section */
		90922F0E26FA08B500B3ED86 /* FRCRel.xcdatamodeld */ = {
			isa = XCVersionGroup;
			children = (
				90922F0F26FA08B500B3ED86 /* FRCRel.xcdatamodel */,
			);
			currentVersion = 90922F0F26FA08B500B3ED86 /* FRCRel.xcdatamodel */;
			path = FRCRel.xcdatamodeld;
			sourceTree = "<group>";
			versionGroupType = wrapper.xcdatamodel;
		};
/* End XCVersionGroup section */
	};
	rootObject = 90922EF826FA08B400B3ED86 /* Project object */;
}
